
Microsoft Visual Studio Solution File, Format Version 12.00
# Visual Studio Version 16
VisualStudioVersion = 16.0.29806.167
MinimumVisualStudioVersion = 10.0.40219.1
Project("{8BC9CEB8-8B4A-11D0-8D11-00A0C91BC942}") = "monoC-matting", "monoC-matting\monoC-matting.vcxproj", "{AE441A03-7F91-407C-B7F7-76157B87DD08}"
EndProject
Project("{8BC9CEB8-8B4A-11D0-8D11-00A0C91BC942}") = "find-logo", "find-logo\find-logo.vcxproj", "{EBFD106D-42DA-4D44-B9D4-114D82DC35E2}"
EndProject
Project("{8BC9CEB8-8B4A-11D0-8D11-00A0C91BC942}") = "video-fingerprint", "video-fingerprint\video-fingerprint.vcxproj", "{ED9001E2-B2C6-4321-9279-BED500CE0ACD}"
EndProject
Project("{8BC9CEB8-8B4A-11D0-8D11-00A0C91BC942}") = "picMaskZoom", "picMaskZoom\picMaskZoom.vcxproj", "{D1379A50-5371-4F19-9E0A-07B3868D4978}"
EndProject
Project("{8BC9CEB8-8B4A-11D0-8D11-00A0C91BC942}") = "magic", "magic\magic.vcxproj", "{7CDE119D-00EF-4218-94F9-FCCC973404F1}"
EndProject
Project("{8BC9CEB8-8B4A-11D0-8D11-00A0C91BC942}") = "logo-pos", "logo-pos\logo-pos.vcxproj", "{A78DC051-9DAB-4618-B27D-CA6491CE7F26}"
EndProject
Project("{8BC9CEB8-8B4A-11D0-8D11-00A0C91BC942}") = "find-qutoutiao-logo", "find-qutoutiao-logo\find-qutoutiao-logo.vcxproj", "{D7DAADA1-4451-43B9-A392-1543A65704A5}"
EndProject
Project("{8BC9CEB8-8B4A-11D0-8D11-00A0C91BC942}") = "disp-png", "disp-png\disp-png.vcxproj", "{BB424497-8415-4B10-8FE9-05A6AD2C596C}"
EndProject
Project("{8BC9CEB8-8B4A-11D0-8D11-00A0C91BC942}") = "warpAffine-test", "warpAffine-test\warpAffine-test.vcxproj", "{675F12C5-0BCF-4265-85A5-CD10E1AA0477}"
EndProject
Project("{8BC9CEB8-8B4A-11D0-8D11-00A0C91BC942}") = "bqb-addlogo", "bqb-addlogo\bqb-addlogo.vcxproj", "{6333817E-3D39-4F97-A7C7-7A81C9936F1D}"
EndProject
Project("{8BC9CEB8-8B4A-11D0-8D11-00A0C91BC942}") = "obj-detect", "obj-detect\obj-detect.vcxproj", "{EA1368F4-804A-433B-A5C6-CAAF67B115B3}"
EndProject
Project("{8BC9CEB8-8B4A-11D0-8D11-00A0C91BC942}") = "od-app", "od-app\od-app.vcxproj", "{172F1534-F784-49DC-8C11-B1F4C43E67A8}"
EndProject
Project("{8BC9CEB8-8B4A-11D0-8D11-00A0C91BC942}") = "Implant", "Implant\Implant.vcxproj", "{97FC6BE1-CD9D-4D02-A16C-97D44367681A}"
EndProject
Project("{8BC9CEB8-8B4A-11D0-8D11-00A0C91BC942}") = "image-fingerprint", "image-fingerprint\image-fingerprint.vcxproj", "{2665B4B3-143E-41C2-9AD2-0BBD8DDE6140}"
EndProject
Project("{8BC9CEB8-8B4A-11D0-8D11-00A0C91BC942}") = "vquality", "vquality\vquality.vcxproj", "{DF3206D2-24F9-4AC0-9270-68DC5827AC1A}"
EndProject
Project("{8BC9CEB8-8B4A-11D0-8D11-00A0C91BC942}") = "v-mhash", "v-mhash\v-mhash.vcxproj", "{BA715C4B-42E0-40B6-B86A-1AC330D78196}"
EndProject
Project("{8BC9CEB8-8B4A-11D0-8D11-00A0C91BC942}") = "v-sfp", "v-sfp\v-sfp.vcxproj", "{8460E52D-E86B-45B0-9178-10D66CEFA566}"
EndProject
Project("{8BC9CEB8-8B4A-11D0-8D11-00A0C91BC942}") = "hist", "hist\hist.vcxproj", "{5A5DD25A-501B-4067-A1BB-ED31DF8282E3}"
EndProject
Project("{8BC9CEB8-8B4A-11D0-8D11-00A0C91BC942}") = "GLCM", "GLCM\GLCM.vcxproj", "{F3B7E27E-853C-4ACA-BF63-3EE5530F313C}"
EndProject
Project("{8BC9CEB8-8B4A-11D0-8D11-00A0C91BC942}") = "comp-pic", "comp-pic\comp-pic.vcxproj", "{704F5F13-E368-40CF-8EA9-4026FCBF6C1E}"
EndProject
Project("{8BC9CEB8-8B4A-11D0-8D11-00A0C91BC942}") = "pic-struct-fp", "pic-struct-fp\pic-struct-fp.vcxproj", "{1D227A09-F47A-4776-B91B-6021A9447F9F}"
EndProject
Project("{8BC9CEB8-8B4A-11D0-8D11-00A0C91BC942}") = "IQA", "IQA\IQA.vcxproj", "{E11E7206-5156-4BDD-8C3B-D1DECB14A97E}"
EndProject
Project("{8BC9CEB8-8B4A-11D0-8D11-00A0C91BC942}") = "enhancement", "enhancement\enhancement.vcxproj", "{6E4D81BE-54D6-4E57-83EC-7427678C56F6}"
EndProject
Project("{8BC9CEB8-8B4A-11D0-8D11-00A0C91BC942}") = "noise-est", "noise-est\noise-est.vcxproj", "{0A85576C-E2BD-4532-BAAE-BA4AFDF64D74}"
EndProject
Project("{8BC9CEB8-8B4A-11D0-8D11-00A0C91BC942}") = "putText", "putText\putText.vcxproj", "{DD42C7AC-880B-45DD-8772-2FFD8C1E011E}"
EndProject
Project("{8BC9CEB8-8B4A-11D0-8D11-00A0C91BC942}") = "h264_qp", "h264_qp\h264_qp.vcxproj", "{924E3DDC-03CF-47D7-AF31-2C6810C2BB65}"
EndProject
Project("{8BC9CEB8-8B4A-11D0-8D11-00A0C91BC942}") = "vs_ppt", "vs_ppt\vs_ppt.vcxproj", "{38F76B68-36A6-4CE6-B6A3-B7997F2DDF94}"
EndProject
Project("{8BC9CEB8-8B4A-11D0-8D11-00A0C91BC942}") = "cartoon", "cartoon\cartoon.vcxproj", "{6FFAEE06-8E33-470D-9DEC-4C23F1A5FEC3}"
EndProject
Project("{8BC9CEB8-8B4A-11D0-8D11-00A0C91BC942}") = "kb_tt", "kb_tt\kb_tt.vcxproj", "{BDAD20D8-7AE3-4103-88E7-5B189694FCFD}"
EndProject
Global
	GlobalSection(SolutionConfigurationPlatforms) = preSolution
		Debug|Mixed Platforms = Debug|Mixed Platforms
		Debug|Win32 = Debug|Win32
		Debug|x64 = Debug|x64
		Release|Mixed Platforms = Release|Mixed Platforms
		Release|Win32 = Release|Win32
		Release|x64 = Release|x64
	EndGlobalSection
	GlobalSection(ProjectConfigurationPlatforms) = postSolution
		{AE441A03-7F91-407C-B7F7-76157B87DD08}.Debug|Mixed Platforms.ActiveCfg = Debug|x64
		{AE441A03-7F91-407C-B7F7-76157B87DD08}.Debug|Mixed Platforms.Build.0 = Debug|x64
		{AE441A03-7F91-407C-B7F7-76157B87DD08}.Debug|Win32.ActiveCfg = Debug|Win32
		{AE441A03-7F91-407C-B7F7-76157B87DD08}.Debug|Win32.Build.0 = Debug|Win32
		{AE441A03-7F91-407C-B7F7-76157B87DD08}.Debug|x64.ActiveCfg = Debug|x64
		{AE441A03-7F91-407C-B7F7-76157B87DD08}.Debug|x64.Build.0 = Debug|x64
		{AE441A03-7F91-407C-B7F7-76157B87DD08}.Release|Mixed Platforms.ActiveCfg = Release|x64
		{AE441A03-7F91-407C-B7F7-76157B87DD08}.Release|Mixed Platforms.Build.0 = Release|x64
		{AE441A03-7F91-407C-B7F7-76157B87DD08}.Release|Win32.ActiveCfg = Release|Win32
		{AE441A03-7F91-407C-B7F7-76157B87DD08}.Release|Win32.Build.0 = Release|Win32
		{AE441A03-7F91-407C-B7F7-76157B87DD08}.Release|x64.ActiveCfg = Release|x64
		{AE441A03-7F91-407C-B7F7-76157B87DD08}.Release|x64.Build.0 = Release|x64
		{EBFD106D-42DA-4D44-B9D4-114D82DC35E2}.Debug|Mixed Platforms.ActiveCfg = Debug|x64
		{EBFD106D-42DA-4D44-B9D4-114D82DC35E2}.Debug|Mixed Platforms.Build.0 = Debug|x64
		{EBFD106D-42DA-4D44-B9D4-114D82DC35E2}.Debug|Win32.ActiveCfg = Debug|Win32
		{EBFD106D-42DA-4D44-B9D4-114D82DC35E2}.Debug|Win32.Build.0 = Debug|Win32
		{EBFD106D-42DA-4D44-B9D4-114D82DC35E2}.Debug|x64.ActiveCfg = Debug|x64
		{EBFD106D-42DA-4D44-B9D4-114D82DC35E2}.Debug|x64.Build.0 = Debug|x64
		{EBFD106D-42DA-4D44-B9D4-114D82DC35E2}.Release|Mixed Platforms.ActiveCfg = Release|x64
		{EBFD106D-42DA-4D44-B9D4-114D82DC35E2}.Release|Mixed Platforms.Build.0 = Release|x64
		{EBFD106D-42DA-4D44-B9D4-114D82DC35E2}.Release|Win32.ActiveCfg = Release|Win32
		{EBFD106D-42DA-4D44-B9D4-114D82DC35E2}.Release|Win32.Build.0 = Release|Win32
		{EBFD106D-42DA-4D44-B9D4-114D82DC35E2}.Release|x64.ActiveCfg = Release|x64
		{EBFD106D-42DA-4D44-B9D4-114D82DC35E2}.Release|x64.Build.0 = Release|x64
		{ED9001E2-B2C6-4321-9279-BED500CE0ACD}.Debug|Mixed Platforms.ActiveCfg = Debug|x64
		{ED9001E2-B2C6-4321-9279-BED500CE0ACD}.Debug|Mixed Platforms.Build.0 = Debug|x64
		{ED9001E2-B2C6-4321-9279-BED500CE0ACD}.Debug|Win32.ActiveCfg = Debug|Win32
		{ED9001E2-B2C6-4321-9279-BED500CE0ACD}.Debug|Win32.Build.0 = Debug|Win32
		{ED9001E2-B2C6-4321-9279-BED500CE0ACD}.Debug|x64.ActiveCfg = Debug|x64
		{ED9001E2-B2C6-4321-9279-BED500CE0ACD}.Debug|x64.Build.0 = Debug|x64
		{ED9001E2-B2C6-4321-9279-BED500CE0ACD}.Release|Mixed Platforms.ActiveCfg = Release|x64
		{ED9001E2-B2C6-4321-9279-BED500CE0ACD}.Release|Mixed Platforms.Build.0 = Release|x64
		{ED9001E2-B2C6-4321-9279-BED500CE0ACD}.Release|Win32.ActiveCfg = Release|Win32
		{ED9001E2-B2C6-4321-9279-BED500CE0ACD}.Release|Win32.Build.0 = Release|Win32
		{ED9001E2-B2C6-4321-9279-BED500CE0ACD}.Release|x64.ActiveCfg = Release|x64
		{ED9001E2-B2C6-4321-9279-BED500CE0ACD}.Release|x64.Build.0 = Release|x64
		{D1379A50-5371-4F19-9E0A-07B3868D4978}.Debug|Mixed Platforms.ActiveCfg = Debug|x64
		{D1379A50-5371-4F19-9E0A-07B3868D4978}.Debug|Mixed Platforms.Build.0 = Debug|x64
		{D1379A50-5371-4F19-9E0A-07B3868D4978}.Debug|Win32.ActiveCfg = Debug|Win32
		{D1379A50-5371-4F19-9E0A-07B3868D4978}.Debug|Win32.Build.0 = Debug|Win32
		{D1379A50-5371-4F19-9E0A-07B3868D4978}.Debug|x64.ActiveCfg = Debug|x64
		{D1379A50-5371-4F19-9E0A-07B3868D4978}.Debug|x64.Build.0 = Debug|x64
		{D1379A50-5371-4F19-9E0A-07B3868D4978}.Release|Mixed Platforms.ActiveCfg = Release|x64
		{D1379A50-5371-4F19-9E0A-07B3868D4978}.Release|Mixed Platforms.Build.0 = Release|x64
		{D1379A50-5371-4F19-9E0A-07B3868D4978}.Release|Win32.ActiveCfg = Release|Win32
		{D1379A50-5371-4F19-9E0A-07B3868D4978}.Release|Win32.Build.0 = Release|Win32
		{D1379A50-5371-4F19-9E0A-07B3868D4978}.Release|x64.ActiveCfg = Release|x64
		{D1379A50-5371-4F19-9E0A-07B3868D4978}.Release|x64.Build.0 = Release|x64
		{7CDE119D-00EF-4218-94F9-FCCC973404F1}.Debug|Mixed Platforms.ActiveCfg = Debug|x64
		{7CDE119D-00EF-4218-94F9-FCCC973404F1}.Debug|Mixed Platforms.Build.0 = Debug|x64
		{7CDE119D-00EF-4218-94F9-FCCC973404F1}.Debug|Win32.ActiveCfg = Debug|Win32
		{7CDE119D-00EF-4218-94F9-FCCC973404F1}.Debug|Win32.Build.0 = Debug|Win32
		{7CDE119D-00EF-4218-94F9-FCCC973404F1}.Debug|x64.ActiveCfg = Debug|x64
		{7CDE119D-00EF-4218-94F9-FCCC973404F1}.Debug|x64.Build.0 = Debug|x64
		{7CDE119D-00EF-4218-94F9-FCCC973404F1}.Release|Mixed Platforms.ActiveCfg = Release|x64
		{7CDE119D-00EF-4218-94F9-FCCC973404F1}.Release|Mixed Platforms.Build.0 = Release|x64
		{7CDE119D-00EF-4218-94F9-FCCC973404F1}.Release|Win32.ActiveCfg = Release|Win32
		{7CDE119D-00EF-4218-94F9-FCCC973404F1}.Release|Win32.Build.0 = Release|Win32
		{7CDE119D-00EF-4218-94F9-FCCC973404F1}.Release|x64.ActiveCfg = Release|x64
		{7CDE119D-00EF-4218-94F9-FCCC973404F1}.Release|x64.Build.0 = Release|x64
		{A78DC051-9DAB-4618-B27D-CA6491CE7F26}.Debug|Mixed Platforms.ActiveCfg = Debug|x64
		{A78DC051-9DAB-4618-B27D-CA6491CE7F26}.Debug|Mixed Platforms.Build.0 = Debug|x64
		{A78DC051-9DAB-4618-B27D-CA6491CE7F26}.Debug|Win32.ActiveCfg = Debug|Win32
		{A78DC051-9DAB-4618-B27D-CA6491CE7F26}.Debug|Win32.Build.0 = Debug|Win32
		{A78DC051-9DAB-4618-B27D-CA6491CE7F26}.Debug|x64.ActiveCfg = Debug|x64
		{A78DC051-9DAB-4618-B27D-CA6491CE7F26}.Debug|x64.Build.0 = Debug|x64
		{A78DC051-9DAB-4618-B27D-CA6491CE7F26}.Release|Mixed Platforms.ActiveCfg = Release|x64
		{A78DC051-9DAB-4618-B27D-CA6491CE7F26}.Release|Mixed Platforms.Build.0 = Release|x64
		{A78DC051-9DAB-4618-B27D-CA6491CE7F26}.Release|Win32.ActiveCfg = Release|Win32
		{A78DC051-9DAB-4618-B27D-CA6491CE7F26}.Release|Win32.Build.0 = Release|Win32
		{A78DC051-9DAB-4618-B27D-CA6491CE7F26}.Release|x64.ActiveCfg = Release|x64
		{A78DC051-9DAB-4618-B27D-CA6491CE7F26}.Release|x64.Build.0 = Release|x64
		{D7DAADA1-4451-43B9-A392-1543A65704A5}.Debug|Mixed Platforms.ActiveCfg = Debug|x64
		{D7DAADA1-4451-43B9-A392-1543A65704A5}.Debug|Mixed Platforms.Build.0 = Debug|x64
		{D7DAADA1-4451-43B9-A392-1543A65704A5}.Debug|Win32.ActiveCfg = Debug|Win32
		{D7DAADA1-4451-43B9-A392-1543A65704A5}.Debug|Win32.Build.0 = Debug|Win32
		{D7DAADA1-4451-43B9-A392-1543A65704A5}.Debug|x64.ActiveCfg = Debug|x64
		{D7DAADA1-4451-43B9-A392-1543A65704A5}.Debug|x64.Build.0 = Debug|x64
		{D7DAADA1-4451-43B9-A392-1543A65704A5}.Release|Mixed Platforms.ActiveCfg = Release|x64
		{D7DAADA1-4451-43B9-A392-1543A65704A5}.Release|Mixed Platforms.Build.0 = Release|x64
		{D7DAADA1-4451-43B9-A392-1543A65704A5}.Release|Win32.ActiveCfg = Release|Win32
		{D7DAADA1-4451-43B9-A392-1543A65704A5}.Release|Win32.Build.0 = Release|Win32
		{D7DAADA1-4451-43B9-A392-1543A65704A5}.Release|x64.ActiveCfg = Release|x64
		{D7DAADA1-4451-43B9-A392-1543A65704A5}.Release|x64.Build.0 = Release|x64
		{BB424497-8415-4B10-8FE9-05A6AD2C596C}.Debug|Mixed Platforms.ActiveCfg = Debug|x64
		{BB424497-8415-4B10-8FE9-05A6AD2C596C}.Debug|Mixed Platforms.Build.0 = Debug|x64
		{BB424497-8415-4B10-8FE9-05A6AD2C596C}.Debug|Win32.ActiveCfg = Debug|Win32
		{BB424497-8415-4B10-8FE9-05A6AD2C596C}.Debug|Win32.Build.0 = Debug|Win32
		{BB424497-8415-4B10-8FE9-05A6AD2C596C}.Debug|x64.ActiveCfg = Debug|x64
		{BB424497-8415-4B10-8FE9-05A6AD2C596C}.Debug|x64.Build.0 = Debug|x64
		{BB424497-8415-4B10-8FE9-05A6AD2C596C}.Release|Mixed Platforms.ActiveCfg = Release|x64
		{BB424497-8415-4B10-8FE9-05A6AD2C596C}.Release|Mixed Platforms.Build.0 = Release|x64
		{BB424497-8415-4B10-8FE9-05A6AD2C596C}.Release|Win32.ActiveCfg = Release|Win32
		{BB424497-8415-4B10-8FE9-05A6AD2C596C}.Release|Win32.Build.0 = Release|Win32
		{BB424497-8415-4B10-8FE9-05A6AD2C596C}.Release|x64.ActiveCfg = Release|x64
		{BB424497-8415-4B10-8FE9-05A6AD2C596C}.Release|x64.Build.0 = Release|x64
		{675F12C5-0BCF-4265-85A5-CD10E1AA0477}.Debug|Mixed Platforms.ActiveCfg = Debug|x64
		{675F12C5-0BCF-4265-85A5-CD10E1AA0477}.Debug|Mixed Platforms.Build.0 = Debug|x64
		{675F12C5-0BCF-4265-85A5-CD10E1AA0477}.Debug|Win32.ActiveCfg = Debug|Win32
		{675F12C5-0BCF-4265-85A5-CD10E1AA0477}.Debug|Win32.Build.0 = Debug|Win32
		{675F12C5-0BCF-4265-85A5-CD10E1AA0477}.Debug|x64.ActiveCfg = Debug|x64
		{675F12C5-0BCF-4265-85A5-CD10E1AA0477}.Debug|x64.Build.0 = Debug|x64
		{675F12C5-0BCF-4265-85A5-CD10E1AA0477}.Release|Mixed Platforms.ActiveCfg = Release|x64
		{675F12C5-0BCF-4265-85A5-CD10E1AA0477}.Release|Mixed Platforms.Build.0 = Release|x64
		{675F12C5-0BCF-4265-85A5-CD10E1AA0477}.Release|Win32.ActiveCfg = Release|Win32
		{675F12C5-0BCF-4265-85A5-CD10E1AA0477}.Release|Win32.Build.0 = Release|Win32
		{675F12C5-0BCF-4265-85A5-CD10E1AA0477}.Release|x64.ActiveCfg = Release|x64
		{675F12C5-0BCF-4265-85A5-CD10E1AA0477}.Release|x64.Build.0 = Release|x64
		{6333817E-3D39-4F97-A7C7-7A81C9936F1D}.Debug|Mixed Platforms.ActiveCfg = Debug|x64
		{6333817E-3D39-4F97-A7C7-7A81C9936F1D}.Debug|Mixed Platforms.Build.0 = Debug|x64
		{6333817E-3D39-4F97-A7C7-7A81C9936F1D}.Debug|Win32.ActiveCfg = Debug|Win32
		{6333817E-3D39-4F97-A7C7-7A81C9936F1D}.Debug|Win32.Build.0 = Debug|Win32
		{6333817E-3D39-4F97-A7C7-7A81C9936F1D}.Debug|x64.ActiveCfg = Debug|x64
		{6333817E-3D39-4F97-A7C7-7A81C9936F1D}.Debug|x64.Build.0 = Debug|x64
		{6333817E-3D39-4F97-A7C7-7A81C9936F1D}.Release|Mixed Platforms.ActiveCfg = Release|x64
		{6333817E-3D39-4F97-A7C7-7A81C9936F1D}.Release|Mixed Platforms.Build.0 = Release|x64
		{6333817E-3D39-4F97-A7C7-7A81C9936F1D}.Release|Win32.ActiveCfg = Release|Win32
		{6333817E-3D39-4F97-A7C7-7A81C9936F1D}.Release|Win32.Build.0 = Release|Win32
		{6333817E-3D39-4F97-A7C7-7A81C9936F1D}.Release|x64.ActiveCfg = Release|x64
		{6333817E-3D39-4F97-A7C7-7A81C9936F1D}.Release|x64.Build.0 = Release|x64
		{EA1368F4-804A-433B-A5C6-CAAF67B115B3}.Debug|Mixed Platforms.ActiveCfg = Debug|x64
		{EA1368F4-804A-433B-A5C6-CAAF67B115B3}.Debug|Mixed Platforms.Build.0 = Debug|x64
		{EA1368F4-804A-433B-A5C6-CAAF67B115B3}.Debug|Win32.ActiveCfg = Debug|Win32
		{EA1368F4-804A-433B-A5C6-CAAF67B115B3}.Debug|Win32.Build.0 = Debug|Win32
		{EA1368F4-804A-433B-A5C6-CAAF67B115B3}.Debug|x64.ActiveCfg = Debug|x64
		{EA1368F4-804A-433B-A5C6-CAAF67B115B3}.Debug|x64.Build.0 = Debug|x64
		{EA1368F4-804A-433B-A5C6-CAAF67B115B3}.Release|Mixed Platforms.ActiveCfg = Release|x64
		{EA1368F4-804A-433B-A5C6-CAAF67B115B3}.Release|Mixed Platforms.Build.0 = Release|x64
		{EA1368F4-804A-433B-A5C6-CAAF67B115B3}.Release|Win32.ActiveCfg = Release|Win32
		{EA1368F4-804A-433B-A5C6-CAAF67B115B3}.Release|Win32.Build.0 = Release|Win32
		{EA1368F4-804A-433B-A5C6-CAAF67B115B3}.Release|x64.ActiveCfg = Release|x64
		{EA1368F4-804A-433B-A5C6-CAAF67B115B3}.Release|x64.Build.0 = Release|x64
		{172F1534-F784-49DC-8C11-B1F4C43E67A8}.Debug|Mixed Platforms.ActiveCfg = Debug|x64
		{172F1534-F784-49DC-8C11-B1F4C43E67A8}.Debug|Mixed Platforms.Build.0 = Debug|x64
		{172F1534-F784-49DC-8C11-B1F4C43E67A8}.Debug|Win32.ActiveCfg = Debug|Win32
		{172F1534-F784-49DC-8C11-B1F4C43E67A8}.Debug|Win32.Build.0 = Debug|Win32
		{172F1534-F784-49DC-8C11-B1F4C43E67A8}.Debug|x64.ActiveCfg = Debug|x64
		{172F1534-F784-49DC-8C11-B1F4C43E67A8}.Debug|x64.Build.0 = Debug|x64
		{172F1534-F784-49DC-8C11-B1F4C43E67A8}.Release|Mixed Platforms.ActiveCfg = Release|x64
		{172F1534-F784-49DC-8C11-B1F4C43E67A8}.Release|Mixed Platforms.Build.0 = Release|x64
		{172F1534-F784-49DC-8C11-B1F4C43E67A8}.Release|Win32.ActiveCfg = Release|Win32
		{172F1534-F784-49DC-8C11-B1F4C43E67A8}.Release|Win32.Build.0 = Release|Win32
		{172F1534-F784-49DC-8C11-B1F4C43E67A8}.Release|x64.ActiveCfg = Release|x64
		{172F1534-F784-49DC-8C11-B1F4C43E67A8}.Release|x64.Build.0 = Release|x64
		{97FC6BE1-CD9D-4D02-A16C-97D44367681A}.Debug|Mixed Platforms.ActiveCfg = Debug|Win32
		{97FC6BE1-CD9D-4D02-A16C-97D44367681A}.Debug|Mixed Platforms.Build.0 = Debug|Win32
		{97FC6BE1-CD9D-4D02-A16C-97D44367681A}.Debug|Win32.ActiveCfg = Debug|Win32
		{97FC6BE1-CD9D-4D02-A16C-97D44367681A}.Debug|Win32.Build.0 = Debug|Win32
		{97FC6BE1-CD9D-4D02-A16C-97D44367681A}.Debug|x64.ActiveCfg = Debug|x64
		{97FC6BE1-CD9D-4D02-A16C-97D44367681A}.Debug|x64.Build.0 = Debug|x64
		{97FC6BE1-CD9D-4D02-A16C-97D44367681A}.Release|Mixed Platforms.ActiveCfg = Release|Win32
		{97FC6BE1-CD9D-4D02-A16C-97D44367681A}.Release|Mixed Platforms.Build.0 = Release|Win32
		{97FC6BE1-CD9D-4D02-A16C-97D44367681A}.Release|Win32.ActiveCfg = Release|Win32
		{97FC6BE1-CD9D-4D02-A16C-97D44367681A}.Release|Win32.Build.0 = Release|Win32
		{97FC6BE1-CD9D-4D02-A16C-97D44367681A}.Release|x64.ActiveCfg = Release|x64
		{97FC6BE1-CD9D-4D02-A16C-97D44367681A}.Release|x64.Build.0 = Release|x64
		{2665B4B3-143E-41C2-9AD2-0BBD8DDE6140}.Debug|Mixed Platforms.ActiveCfg = Debug|Win32
		{2665B4B3-143E-41C2-9AD2-0BBD8DDE6140}.Debug|Mixed Platforms.Build.0 = Debug|Win32
		{2665B4B3-143E-41C2-9AD2-0BBD8DDE6140}.Debug|Win32.ActiveCfg = Debug|Win32
		{2665B4B3-143E-41C2-9AD2-0BBD8DDE6140}.Debug|Win32.Build.0 = Debug|Win32
		{2665B4B3-143E-41C2-9AD2-0BBD8DDE6140}.Debug|x64.ActiveCfg = Debug|x64
		{2665B4B3-143E-41C2-9AD2-0BBD8DDE6140}.Debug|x64.Build.0 = Debug|x64
		{2665B4B3-143E-41C2-9AD2-0BBD8DDE6140}.Release|Mixed Platforms.ActiveCfg = Release|Win32
		{2665B4B3-143E-41C2-9AD2-0BBD8DDE6140}.Release|Mixed Platforms.Build.0 = Release|Win32
		{2665B4B3-143E-41C2-9AD2-0BBD8DDE6140}.Release|Win32.ActiveCfg = Release|Win32
		{2665B4B3-143E-41C2-9AD2-0BBD8DDE6140}.Release|Win32.Build.0 = Release|Win32
		{2665B4B3-143E-41C2-9AD2-0BBD8DDE6140}.Release|x64.ActiveCfg = Release|x64
		{2665B4B3-143E-41C2-9AD2-0BBD8DDE6140}.Release|x64.Build.0 = Release|x64
		{DF3206D2-24F9-4AC0-9270-68DC5827AC1A}.Debug|Mixed Platforms.ActiveCfg = Debug|Win32
		{DF3206D2-24F9-4AC0-9270-68DC5827AC1A}.Debug|Mixed Platforms.Build.0 = Debug|Win32
		{DF3206D2-24F9-4AC0-9270-68DC5827AC1A}.Debug|Win32.ActiveCfg = Debug|Win32
		{DF3206D2-24F9-4AC0-9270-68DC5827AC1A}.Debug|Win32.Build.0 = Debug|Win32
		{DF3206D2-24F9-4AC0-9270-68DC5827AC1A}.Debug|x64.ActiveCfg = Debug|x64
		{DF3206D2-24F9-4AC0-9270-68DC5827AC1A}.Debug|x64.Build.0 = Debug|x64
		{DF3206D2-24F9-4AC0-9270-68DC5827AC1A}.Release|Mixed Platforms.ActiveCfg = Release|Win32
		{DF3206D2-24F9-4AC0-9270-68DC5827AC1A}.Release|Mixed Platforms.Build.0 = Release|Win32
		{DF3206D2-24F9-4AC0-9270-68DC5827AC1A}.Release|Win32.ActiveCfg = Release|Win32
		{DF3206D2-24F9-4AC0-9270-68DC5827AC1A}.Release|Win32.Build.0 = Release|Win32
		{DF3206D2-24F9-4AC0-9270-68DC5827AC1A}.Release|x64.ActiveCfg = Release|x64
		{DF3206D2-24F9-4AC0-9270-68DC5827AC1A}.Release|x64.Build.0 = Release|x64
		{BA715C4B-42E0-40B6-B86A-1AC330D78196}.Debug|Mixed Platforms.ActiveCfg = Debug|Win32
		{BA715C4B-42E0-40B6-B86A-1AC330D78196}.Debug|Mixed Platforms.Build.0 = Debug|Win32
		{BA715C4B-42E0-40B6-B86A-1AC330D78196}.Debug|Win32.ActiveCfg = Debug|Win32
		{BA715C4B-42E0-40B6-B86A-1AC330D78196}.Debug|Win32.Build.0 = Debug|Win32
		{BA715C4B-42E0-40B6-B86A-1AC330D78196}.Debug|x64.ActiveCfg = Debug|x64
		{BA715C4B-42E0-40B6-B86A-1AC330D78196}.Debug|x64.Build.0 = Debug|x64
		{BA715C4B-42E0-40B6-B86A-1AC330D78196}.Release|Mixed Platforms.ActiveCfg = Release|Win32
		{BA715C4B-42E0-40B6-B86A-1AC330D78196}.Release|Mixed Platforms.Build.0 = Release|Win32
		{BA715C4B-42E0-40B6-B86A-1AC330D78196}.Release|Win32.ActiveCfg = Release|Win32
		{BA715C4B-42E0-40B6-B86A-1AC330D78196}.Release|Win32.Build.0 = Release|Win32
		{BA715C4B-42E0-40B6-B86A-1AC330D78196}.Release|x64.ActiveCfg = Release|x64
		{BA715C4B-42E0-40B6-B86A-1AC330D78196}.Release|x64.Build.0 = Release|x64
		{8460E52D-E86B-45B0-9178-10D66CEFA566}.Debug|Mixed Platforms.ActiveCfg = Debug|Win32
		{8460E52D-E86B-45B0-9178-10D66CEFA566}.Debug|Mixed Platforms.Build.0 = Debug|Win32
		{8460E52D-E86B-45B0-9178-10D66CEFA566}.Debug|Win32.ActiveCfg = Debug|Win32
		{8460E52D-E86B-45B0-9178-10D66CEFA566}.Debug|Win32.Build.0 = Debug|Win32
		{8460E52D-E86B-45B0-9178-10D66CEFA566}.Debug|x64.ActiveCfg = Debug|x64
		{8460E52D-E86B-45B0-9178-10D66CEFA566}.Debug|x64.Build.0 = Debug|x64
		{8460E52D-E86B-45B0-9178-10D66CEFA566}.Release|Mixed Platforms.ActiveCfg = Release|Win32
		{8460E52D-E86B-45B0-9178-10D66CEFA566}.Release|Mixed Platforms.Build.0 = Release|Win32
		{8460E52D-E86B-45B0-9178-10D66CEFA566}.Release|Win32.ActiveCfg = Release|Win32
		{8460E52D-E86B-45B0-9178-10D66CEFA566}.Release|Win32.Build.0 = Release|Win32
		{8460E52D-E86B-45B0-9178-10D66CEFA566}.Release|x64.ActiveCfg = Release|x64
		{8460E52D-E86B-45B0-9178-10D66CEFA566}.Release|x64.Build.0 = Release|x64
		{5A5DD25A-501B-4067-A1BB-ED31DF8282E3}.Debug|Mixed Platforms.ActiveCfg = Debug|Win32
		{5A5DD25A-501B-4067-A1BB-ED31DF8282E3}.Debug|Mixed Platforms.Build.0 = Debug|Win32
		{5A5DD25A-501B-4067-A1BB-ED31DF8282E3}.Debug|Win32.ActiveCfg = Debug|Win32
		{5A5DD25A-501B-4067-A1BB-ED31DF8282E3}.Debug|Win32.Build.0 = Debug|Win32
		{5A5DD25A-501B-4067-A1BB-ED31DF8282E3}.Debug|x64.ActiveCfg = Debug|x64
		{5A5DD25A-501B-4067-A1BB-ED31DF8282E3}.Debug|x64.Build.0 = Debug|x64
		{5A5DD25A-501B-4067-A1BB-ED31DF8282E3}.Release|Mixed Platforms.ActiveCfg = Release|Win32
		{5A5DD25A-501B-4067-A1BB-ED31DF8282E3}.Release|Mixed Platforms.Build.0 = Release|Win32
		{5A5DD25A-501B-4067-A1BB-ED31DF8282E3}.Release|Win32.ActiveCfg = Release|Win32
		{5A5DD25A-501B-4067-A1BB-ED31DF8282E3}.Release|Win32.Build.0 = Release|Win32
		{5A5DD25A-501B-4067-A1BB-ED31DF8282E3}.Release|x64.ActiveCfg = Release|x64
		{5A5DD25A-501B-4067-A1BB-ED31DF8282E3}.Release|x64.Build.0 = Release|x64
		{F3B7E27E-853C-4ACA-BF63-3EE5530F313C}.Debug|Mixed Platforms.ActiveCfg = Debug|Win32
		{F3B7E27E-853C-4ACA-BF63-3EE5530F313C}.Debug|Mixed Platforms.Build.0 = Debug|Win32
		{F3B7E27E-853C-4ACA-BF63-3EE5530F313C}.Debug|Win32.ActiveCfg = Debug|Win32
		{F3B7E27E-853C-4ACA-BF63-3EE5530F313C}.Debug|Win32.Build.0 = Debug|Win32
		{F3B7E27E-853C-4ACA-BF63-3EE5530F313C}.Debug|x64.ActiveCfg = Debug|x64
		{F3B7E27E-853C-4ACA-BF63-3EE5530F313C}.Debug|x64.Build.0 = Debug|x64
		{F3B7E27E-853C-4ACA-BF63-3EE5530F313C}.Release|Mixed Platforms.ActiveCfg = Release|Win32
		{F3B7E27E-853C-4ACA-BF63-3EE5530F313C}.Release|Mixed Platforms.Build.0 = Release|Win32
		{F3B7E27E-853C-4ACA-BF63-3EE5530F313C}.Release|Win32.ActiveCfg = Release|Win32
		{F3B7E27E-853C-4ACA-BF63-3EE5530F313C}.Release|Win32.Build.0 = Release|Win32
		{F3B7E27E-853C-4ACA-BF63-3EE5530F313C}.Release|x64.ActiveCfg = Release|x64
		{F3B7E27E-853C-4ACA-BF63-3EE5530F313C}.Release|x64.Build.0 = Release|x64
		{704F5F13-E368-40CF-8EA9-4026FCBF6C1E}.Debug|Mixed Platforms.ActiveCfg = Debug|Win32
		{704F5F13-E368-40CF-8EA9-4026FCBF6C1E}.Debug|Mixed Platforms.Build.0 = Debug|Win32
		{704F5F13-E368-40CF-8EA9-4026FCBF6C1E}.Debug|Win32.ActiveCfg = Debug|Win32
		{704F5F13-E368-40CF-8EA9-4026FCBF6C1E}.Debug|Win32.Build.0 = Debug|Win32
		{704F5F13-E368-40CF-8EA9-4026FCBF6C1E}.Debug|x64.ActiveCfg = Debug|x64
		{704F5F13-E368-40CF-8EA9-4026FCBF6C1E}.Debug|x64.Build.0 = Debug|x64
		{704F5F13-E368-40CF-8EA9-4026FCBF6C1E}.Release|Mixed Platforms.ActiveCfg = Release|Win32
		{704F5F13-E368-40CF-8EA9-4026FCBF6C1E}.Release|Mixed Platforms.Build.0 = Release|Win32
		{704F5F13-E368-40CF-8EA9-4026FCBF6C1E}.Release|Win32.ActiveCfg = Release|Win32
		{704F5F13-E368-40CF-8EA9-4026FCBF6C1E}.Release|Win32.Build.0 = Release|Win32
		{704F5F13-E368-40CF-8EA9-4026FCBF6C1E}.Release|x64.ActiveCfg = Release|x64
		{704F5F13-E368-40CF-8EA9-4026FCBF6C1E}.Release|x64.Build.0 = Release|x64
		{1D227A09-F47A-4776-B91B-6021A9447F9F}.Debug|Mixed Platforms.ActiveCfg = Debug|Win32
		{1D227A09-F47A-4776-B91B-6021A9447F9F}.Debug|Mixed Platforms.Build.0 = Debug|Win32
		{1D227A09-F47A-4776-B91B-6021A9447F9F}.Debug|Win32.ActiveCfg = Debug|Win32
		{1D227A09-F47A-4776-B91B-6021A9447F9F}.Debug|Win32.Build.0 = Debug|Win32
		{1D227A09-F47A-4776-B91B-6021A9447F9F}.Debug|x64.ActiveCfg = Debug|x64
		{1D227A09-F47A-4776-B91B-6021A9447F9F}.Debug|x64.Build.0 = Debug|x64
		{1D227A09-F47A-4776-B91B-6021A9447F9F}.Release|Mixed Platforms.ActiveCfg = Release|Win32
		{1D227A09-F47A-4776-B91B-6021A9447F9F}.Release|Mixed Platforms.Build.0 = Release|Win32
		{1D227A09-F47A-4776-B91B-6021A9447F9F}.Release|Win32.ActiveCfg = Release|Win32
		{1D227A09-F47A-4776-B91B-6021A9447F9F}.Release|Win32.Build.0 = Release|Win32
		{1D227A09-F47A-4776-B91B-6021A9447F9F}.Release|x64.ActiveCfg = Release|x64
		{1D227A09-F47A-4776-B91B-6021A9447F9F}.Release|x64.Build.0 = Release|x64
		{E11E7206-5156-4BDD-8C3B-D1DECB14A97E}.Debug|Mixed Platforms.ActiveCfg = Debug|Win32
		{E11E7206-5156-4BDD-8C3B-D1DECB14A97E}.Debug|Mixed Platforms.Build.0 = Debug|Win32
		{E11E7206-5156-4BDD-8C3B-D1DECB14A97E}.Debug|Win32.ActiveCfg = Debug|Win32
		{E11E7206-5156-4BDD-8C3B-D1DECB14A97E}.Debug|Win32.Build.0 = Debug|Win32
		{E11E7206-5156-4BDD-8C3B-D1DECB14A97E}.Debug|x64.ActiveCfg = Debug|x64
		{E11E7206-5156-4BDD-8C3B-D1DECB14A97E}.Debug|x64.Build.0 = Debug|x64
		{E11E7206-5156-4BDD-8C3B-D1DECB14A97E}.Release|Mixed Platforms.ActiveCfg = Release|Win32
		{E11E7206-5156-4BDD-8C3B-D1DECB14A97E}.Release|Mixed Platforms.Build.0 = Release|Win32
		{E11E7206-5156-4BDD-8C3B-D1DECB14A97E}.Release|Win32.ActiveCfg = Release|Win32
		{E11E7206-5156-4BDD-8C3B-D1DECB14A97E}.Release|Win32.Build.0 = Release|Win32
		{E11E7206-5156-4BDD-8C3B-D1DECB14A97E}.Release|x64.ActiveCfg = Release|x64
		{E11E7206-5156-4BDD-8C3B-D1DECB14A97E}.Release|x64.Build.0 = Release|x64
		{6E4D81BE-54D6-4E57-83EC-7427678C56F6}.Debug|Mixed Platforms.ActiveCfg = Debug|Win32
		{6E4D81BE-54D6-4E57-83EC-7427678C56F6}.Debug|Mixed Platforms.Build.0 = Debug|Win32
		{6E4D81BE-54D6-4E57-83EC-7427678C56F6}.Debug|Win32.ActiveCfg = Debug|Win32
		{6E4D81BE-54D6-4E57-83EC-7427678C56F6}.Debug|Win32.Build.0 = Debug|Win32
		{6E4D81BE-54D6-4E57-83EC-7427678C56F6}.Debug|x64.ActiveCfg = Debug|x64
		{6E4D81BE-54D6-4E57-83EC-7427678C56F6}.Debug|x64.Build.0 = Debug|x64
		{6E4D81BE-54D6-4E57-83EC-7427678C56F6}.Release|Mixed Platforms.ActiveCfg = Release|Win32
		{6E4D81BE-54D6-4E57-83EC-7427678C56F6}.Release|Mixed Platforms.Build.0 = Release|Win32
		{6E4D81BE-54D6-4E57-83EC-7427678C56F6}.Release|Win32.ActiveCfg = Release|Win32
		{6E4D81BE-54D6-4E57-83EC-7427678C56F6}.Release|Win32.Build.0 = Release|Win32
		{6E4D81BE-54D6-4E57-83EC-7427678C56F6}.Release|x64.ActiveCfg = Release|x64
		{6E4D81BE-54D6-4E57-83EC-7427678C56F6}.Release|x64.Build.0 = Release|x64
		{0A85576C-E2BD-4532-BAAE-BA4AFDF64D74}.Debug|Mixed Platforms.ActiveCfg = Debug|Win32
		{0A85576C-E2BD-4532-BAAE-BA4AFDF64D74}.Debug|Mixed Platforms.Build.0 = Debug|Win32
		{0A85576C-E2BD-4532-BAAE-BA4AFDF64D74}.Debug|Win32.ActiveCfg = Debug|Win32
		{0A85576C-E2BD-4532-BAAE-BA4AFDF64D74}.Debug|Win32.Build.0 = Debug|Win32
		{0A85576C-E2BD-4532-BAAE-BA4AFDF64D74}.Debug|x64.ActiveCfg = Debug|x64
		{0A85576C-E2BD-4532-BAAE-BA4AFDF64D74}.Debug|x64.Build.0 = Debug|x64
		{0A85576C-E2BD-4532-BAAE-BA4AFDF64D74}.Release|Mixed Platforms.ActiveCfg = Release|Win32
		{0A85576C-E2BD-4532-BAAE-BA4AFDF64D74}.Release|Mixed Platforms.Build.0 = Release|Win32
		{0A85576C-E2BD-4532-BAAE-BA4AFDF64D74}.Release|Win32.ActiveCfg = Release|Win32
		{0A85576C-E2BD-4532-BAAE-BA4AFDF64D74}.Release|Win32.Build.0 = Release|Win32
		{0A85576C-E2BD-4532-BAAE-BA4AFDF64D74}.Release|x64.ActiveCfg = Release|x64
		{0A85576C-E2BD-4532-BAAE-BA4AFDF64D74}.Release|x64.Build.0 = Release|x64
		{DD42C7AC-880B-45DD-8772-2FFD8C1E011E}.Debug|Mixed Platforms.ActiveCfg = Debug|Win32
		{DD42C7AC-880B-45DD-8772-2FFD8C1E011E}.Debug|Mixed Platforms.Build.0 = Debug|Win32
		{DD42C7AC-880B-45DD-8772-2FFD8C1E011E}.Debug|Win32.ActiveCfg = Debug|Win32
		{DD42C7AC-880B-45DD-8772-2FFD8C1E011E}.Debug|Win32.Build.0 = Debug|Win32
		{DD42C7AC-880B-45DD-8772-2FFD8C1E011E}.Debug|x64.ActiveCfg = Debug|x64
		{DD42C7AC-880B-45DD-8772-2FFD8C1E011E}.Debug|x64.Build.0 = Debug|x64
		{DD42C7AC-880B-45DD-8772-2FFD8C1E011E}.Release|Mixed Platforms.ActiveCfg = Release|Win32
		{DD42C7AC-880B-45DD-8772-2FFD8C1E011E}.Release|Mixed Platforms.Build.0 = Release|Win32
		{DD42C7AC-880B-45DD-8772-2FFD8C1E011E}.Release|Win32.ActiveCfg = Release|Win32
		{DD42C7AC-880B-45DD-8772-2FFD8C1E011E}.Release|Win32.Build.0 = Release|Win32
		{DD42C7AC-880B-45DD-8772-2FFD8C1E011E}.Release|x64.ActiveCfg = Release|x64
		{DD42C7AC-880B-45DD-8772-2FFD8C1E011E}.Release|x64.Build.0 = Release|x64
		{924E3DDC-03CF-47D7-AF31-2C6810C2BB65}.Debug|Mixed Platforms.ActiveCfg = Debug|Win32
		{924E3DDC-03CF-47D7-AF31-2C6810C2BB65}.Debug|Mixed Platforms.Build.0 = Debug|Win32
		{924E3DDC-03CF-47D7-AF31-2C6810C2BB65}.Debug|Win32.ActiveCfg = Debug|Win32
		{924E3DDC-03CF-47D7-AF31-2C6810C2BB65}.Debug|Win32.Build.0 = Debug|Win32
		{924E3DDC-03CF-47D7-AF31-2C6810C2BB65}.Debug|x64.ActiveCfg = Debug|x64
		{924E3DDC-03CF-47D7-AF31-2C6810C2BB65}.Debug|x64.Build.0 = Debug|x64
		{924E3DDC-03CF-47D7-AF31-2C6810C2BB65}.Release|Mixed Platforms.ActiveCfg = Release|Win32
		{924E3DDC-03CF-47D7-AF31-2C6810C2BB65}.Release|Mixed Platforms.Build.0 = Release|Win32
		{924E3DDC-03CF-47D7-AF31-2C6810C2BB65}.Release|Win32.ActiveCfg = Release|Win32
		{924E3DDC-03CF-47D7-AF31-2C6810C2BB65}.Release|Win32.Build.0 = Release|Win32
		{924E3DDC-03CF-47D7-AF31-2C6810C2BB65}.Release|x64.ActiveCfg = Release|x64
		{924E3DDC-03CF-47D7-AF31-2C6810C2BB65}.Release|x64.Build.0 = Release|x64
		{38F76B68-36A6-4CE6-B6A3-B7997F2DDF94}.Debug|Mixed Platforms.ActiveCfg = Debug|Win32
		{38F76B68-36A6-4CE6-B6A3-B7997F2DDF94}.Debug|Mixed Platforms.Build.0 = Debug|Win32
		{38F76B68-36A6-4CE6-B6A3-B7997F2DDF94}.Debug|Win32.ActiveCfg = Debug|Win32
		{38F76B68-36A6-4CE6-B6A3-B7997F2DDF94}.Debug|Win32.Build.0 = Debug|Win32
		{38F76B68-36A6-4CE6-B6A3-B7997F2DDF94}.Debug|x64.ActiveCfg = Debug|x64
		{38F76B68-36A6-4CE6-B6A3-B7997F2DDF94}.Debug|x64.Build.0 = Debug|x64
		{38F76B68-36A6-4CE6-B6A3-B7997F2DDF94}.Release|Mixed Platforms.ActiveCfg = Release|Win32
		{38F76B68-36A6-4CE6-B6A3-B7997F2DDF94}.Release|Mixed Platforms.Build.0 = Release|Win32
		{38F76B68-36A6-4CE6-B6A3-B7997F2DDF94}.Release|Win32.ActiveCfg = Release|Win32
		{38F76B68-36A6-4CE6-B6A3-B7997F2DDF94}.Release|Win32.Build.0 = Release|Win32
		{38F76B68-36A6-4CE6-B6A3-B7997F2DDF94}.Release|x64.ActiveCfg = Release|x64
		{38F76B68-36A6-4CE6-B6A3-B7997F2DDF94}.Release|x64.Build.0 = Release|x64
		{6FFAEE06-8E33-470D-9DEC-4C23F1A5FEC3}.Debug|Mixed Platforms.ActiveCfg = Debug|Win32
		{6FFAEE06-8E33-470D-9DEC-4C23F1A5FEC3}.Debug|Mixed Platforms.Build.0 = Debug|Win32
		{6FFAEE06-8E33-470D-9DEC-4C23F1A5FEC3}.Debug|Win32.ActiveCfg = Debug|Win32
		{6FFAEE06-8E33-470D-9DEC-4C23F1A5FEC3}.Debug|Win32.Build.0 = Debug|Win32
		{6FFAEE06-8E33-470D-9DEC-4C23F1A5FEC3}.Debug|x64.ActiveCfg = Debug|Win32
		{6FFAEE06-8E33-470D-9DEC-4C23F1A5FEC3}.Release|Mixed Platforms.ActiveCfg = Release|Win32
		{6FFAEE06-8E33-470D-9DEC-4C23F1A5FEC3}.Release|Mixed Platforms.Build.0 = Release|Win32
		{6FFAEE06-8E33-470D-9DEC-4C23F1A5FEC3}.Release|Win32.ActiveCfg = Release|Win32
		{6FFAEE06-8E33-470D-9DEC-4C23F1A5FEC3}.Release|Win32.Build.0 = Release|Win32
		{6FFAEE06-8E33-470D-9DEC-4C23F1A5FEC3}.Release|x64.ActiveCfg = Release|x64
		{6FFAEE06-8E33-470D-9DEC-4C23F1A5FEC3}.Release|x64.Build.0 = Release|x64
		{BDAD20D8-7AE3-4103-88E7-5B189694FCFD}.Debug|Mixed Platforms.ActiveCfg = Debug|Win32
		{BDAD20D8-7AE3-4103-88E7-5B189694FCFD}.Debug|Mixed Platforms.Build.0 = Debug|Win32
		{BDAD20D8-7AE3-4103-88E7-5B189694FCFD}.Debug|Win32.ActiveCfg = Debug|Win32
		{BDAD20D8-7AE3-4103-88E7-5B189694FCFD}.Debug|Win32.Build.0 = Debug|Win32
		{BDAD20D8-7AE3-4103-88E7-5B189694FCFD}.Debug|x64.ActiveCfg = Debug|Win32
		{BDAD20D8-7AE3-4103-88E7-5B189694FCFD}.Release|Mixed Platforms.ActiveCfg = Release|Win32
		{BDAD20D8-7AE3-4103-88E7-5B189694FCFD}.Release|Mixed Platforms.Build.0 = Release|Win32
		{BDAD20D8-7AE3-4103-88E7-5B189694FCFD}.Release|Win32.ActiveCfg = Release|Win32
		{BDAD20D8-7AE3-4103-88E7-5B189694FCFD}.Release|Win32.Build.0 = Release|Win32
		{BDAD20D8-7AE3-4103-88E7-5B189694FCFD}.Release|x64.ActiveCfg = Release|x64
		{BDAD20D8-7AE3-4103-88E7-5B189694FCFD}.Release|x64.Build.0 = Release|x64
	EndGlobalSection
	GlobalSection(SolutionProperties) = preSolution
		HideSolutionNode = FALSE
	EndGlobalSection
	GlobalSection(ExtensibilityGlobals) = postSolution
		SolutionGuid = {66B400C3-8C73-4284-A4E5-CC0D27DA3EF0}
	EndGlobalSection
EndGlobal
